github.com/SketchMaster2001/libwc24crypt v0.0.0-20211127040553-8188a9e88cf0 h1:CLrKG4ItX1LJGffSW3U1WOU3yXgH7cZBdGIBDa00HUw=
github.com/SketchMaster2001/libwc24crypt v0.0.0-20211127040553-8188a9e88cf0/go.mod h1:7DudmdnRCHnkO0Ox06OU/UZ4GYbP3W6hcZDhq416Ex0=
github.com/SketchMaster2001/libwc24crypt v0.0.0-20221114191055-b7fc8eef33ba h1:84pil6W4Btu3vRBkHi4zqKJHwxBELdj3UPxHM2aXVIo=
github.com/SketchMaster2001/libwc24crypt v0.0.0-20221114191055-b7fc8eef33ba/go.mod h1:7DudmdnRCHnkO0Ox06OU/UZ4GYbP3W6hcZDhq416Ex0=
github.com/wii-tools/lzx v0.0.0-20221114001118-aaec5e424e43 h1:woCmRIngzz1fcUDj+1at7h9EW1Os8SK0tbOh4WEoyPQ=
github.com/wii-tools/lzx v0.0.0-20221114001118-aaec5e424e43/go.mod h1:ufCQJfNwbD5fkg6jHpw69vc5opbc42TePvnloMFYbmY=
